// !$*UTF8*$!
{
	archiveVersion = 1;
	classes = {
	};
	objectVersion = 50;
	objects = {

/* Begin PBXBuildFile section */
		B35A8C7425A40CED0085002E /* AppDelegate.swift in Sources */ = {isa = PBXBuildFile; fileRef = B35A8C7325A40CED0085002E /* AppDelegate.swift */; };
		B35A8C7625A40CED0085002E /* SceneDelegate.swift in Sources */ = {isa = PBXBuildFile; fileRef = B35A8C7525A40CED0085002E /* SceneDelegate.swift */; };
		B35A8C7825A40CED0085002E /* ViewController.swift in Sources */ = {isa = PBXBuildFile; fileRef = B35A8C7725A40CED0085002E /* ViewController.swift */; };
		B35A8C7B25A40CED0085002E /* Main.storyboard in Resources */ = {isa = PBXBuildFile; fileRef = B35A8C7925A40CED0085002E /* Main.storyboard */; };
		B35A8C7E25A40CED0085002E /* Guardian.xcdatamodeld in Sources */ = {isa = PBXBuildFile; fileRef = B35A8C7C25A40CED0085002E /* Guardian.xcdatamodeld */; };
		B35A8C8025A40CEF0085002E /* Assets.xcassets in Resources */ = {isa = PBXBuildFile; fileRef = B35A8C7F25A40CEF0085002E /* Assets.xcassets */; };
		B35A8C8325A40CEF0085002E /* LaunchScreen.storyboard in Resources */ = {isa = PBXBuildFile; fileRef = B35A8C8125A40CEF0085002E /* LaunchScreen.storyboard */; };
		B35A8C8E25A40CEF0085002E /* GuardianTests.swift in Sources */ = {isa = PBXBuildFile; fileRef = B35A8C8D25A40CEF0085002E /* GuardianTests.swift */; };
		B35A8C9925A40CEF0085002E /* GuardianUITests.swift in Sources */ = {isa = PBXBuildFile; fileRef = B35A8C9825A40CEF0085002E /* GuardianUITests.swift */; };
/* End PBXBuildFile section */

/* Begin PBXContainerItemProxy section */
		B35A8C8A25A40CEF0085002E /* PBXContainerItemProxy */ = {
			isa = PBXContainerItemProxy;
			containerPortal = B35A8C6825A40CED0085002E /* Project object */;
			proxyType = 1;
			remoteGlobalIDString = B35A8C6F25A40CED0085002E;
			remoteInfo = Guardian;
		};
		B35A8C9525A40CEF0085002E /* PBXContainerItemProxy */ = {
			isa = PBXContainerItemProxy;
			containerPortal = B35A8C6825A40CED0085002E /* Project object */;
			proxyType = 1;
			remoteGlobalIDString = B35A8C6F25A40CED0085002E;
			remoteInfo = Guardian;
		};
/* End PBXContainerItemProxy section */

/* Begin PBXFileReference section */
		B35A8C7025A40CED0085002E /* Guardian.app */ = {isa = PBXFileReference; explicitFileType = wrapper.application; includeInIndex = 0; path = Guardian.app; sourceTree = BUILT_PRODUCTS_DIR; };
		B35A8C7325A40CED0085002E /* AppDelegate.swift */ = {isa = PBXFileReference; lastKnownFileType = sourcecode.swift; path = AppDelegate.swift; sourceTree = "<group>"; };
		B35A8C7525A40CED0085002E /* SceneDelegate.swift */ = {isa = PBXFileReference; lastKnownFileType = sourcecode.swift; path = SceneDelegate.swift; sourceTree = "<group>"; };
		B35A8C7725A40CED0085002E /* ViewController.swift */ = {isa = PBXFileReference; lastKnownFileType = sourcecode.swift; path = ViewController.swift; sourceTree = "<group>"; };
		B35A8C7A25A40CED0085002E /* Base */ = {isa = PBXFileReference; lastKnownFileType = file.storyboard; name = Base; path = Base.lproj/Main.storyboard; sourceTree = "<group>"; };
		B35A8C7D25A40CED0085002E /* Guardian.xcdatamodel */ = {isa = PBXFileReference; lastKnownFileType = wrapper.xcdatamodel; path = Guardian.xcdatamodel; sourceTree = "<group>"; };
		B35A8C7F25A40CEF0085002E /* Assets.xcassets */ = {isa = PBXFileReference; lastKnownFileType = folder.assetcatalog; path = Assets.xcassets; sourceTree = "<group>"; };
		B35A8C8225A40CEF0085002E /* Base */ = {isa = PBXFileReference; lastKnownFileType = file.storyboard; name = Base; path = Base.lproj/LaunchScreen.storyboard; sourceTree = "<group>"; };
		B35A8C8425A40CEF0085002E /* Info.plist */ = {isa = PBXFileReference; lastKnownFileType = text.plist.xml; path = Info.plist; sourceTree = "<group>"; };
		B35A8C8925A40CEF0085002E /* GuardianTests.xctest */ = {isa = PBXFileReference; explicitFileType = wrapper.cfbundle; includeInIndex = 0; path = GuardianTests.xctest; sourceTree = BUILT_PRODUCTS_DIR; };
		B35A8C8D25A40CEF0085002E /* GuardianTests.swift */ = {isa = PBXFileReference; lastKnownFileType = sourcecode.swift; path = GuardianTests.swift; sourceTree = "<group>"; };
		B35A8C8F25A40CEF0085002E /* Info.plist */ = {isa = PBXFileReference; lastKnownFileType = text.plist.xml; path = Info.plist; sourceTree = "<group>"; };
		B35A8C9425A40CEF0085002E /* GuardianUITests.xctest */ = {isa = PBXFileReference; explicitFileType = wrapper.cfbundle; includeInIndex = 0; path = GuardianUITests.xctest; sourceTree = BUILT_PRODUCTS_DIR; };
		B35A8C9825A40CEF0085002E /* GuardianUITests.swift */ = {isa = PBXFileReference; lastKnownFileType = sourcecode.swift; path = GuardianUITests.swift; sourceTree = "<group>"; };
		B35A8C9A25A40CEF0085002E /* Info.plist */ = {isa = PBXFileReference; lastKnownFileType = text.plist.xml; path = Info.plist; sourceTree = "<group>"; };
/* End PBXFileReference section */

/* Begin PBXFrameworksBuildPhase section */
		B35A8C6D25A40CED0085002E /* Frameworks */ = {
			isa = PBXFrameworksBuildPhase;
			buildActionMask = 2147483647;
			files = (
			);
			runOnlyForDeploymentPostprocessing = 0;
		};
		B35A8C8625A40CEF0085002E /* Frameworks */ = {
			isa = PBXFrameworksBuildPhase;
			buildActionMask = 2147483647;
			files = (
			);
			runOnlyForDeploymentPostprocessing = 0;
		};
		B35A8C9125A40CEF0085002E /* Frameworks */ = {
			isa = PBXFrameworksBuildPhase;
			buildActionMask = 2147483647;
			files = (
			);
			runOnlyForDeploymentPostprocessing = 0;
		};
/* End PBXFrameworksBuildPhase section */

/* Begin PBXGroup section */
		B35A8C6725A40CED0085002E = {
			isa = PBXGroup;
			children = (
				B35A8C7225A40CED0085002E /* Guardian */,
				B35A8C8C25A40CEF0085002E /* GuardianTests */,
				B35A8C9725A40CEF0085002E /* GuardianUITests */,
				B35A8C7125A40CED0085002E /* Products */,
			);
			sourceTree = "<group>";
		};
		B35A8C7125A40CED0085002E /* Products */ = {
			isa = PBXGroup;
			children = (
				B35A8C7025A40CED0085002E /* Guardian.app */,
				B35A8C8925A40CEF0085002E /* GuardianTests.xctest */,
				B35A8C9425A40CEF0085002E /* GuardianUITests.xctest */,
			);
			name = Products;
			sourceTree = "<group>";
		};
		B35A8C7225A40CED0085002E /* Guardian */ = {
			isa = PBXGroup;
			children = (
				B35A8C7325A40CED0085002E /* AppDelegate.swift */,
				B35A8C7525A40CED0085002E /* SceneDelegate.swift */,
				B35A8C7725A40CED0085002E /* ViewController.swift */,
				B35A8C7925A40CED0085002E /* Main.storyboard */,
				B35A8C7F25A40CEF0085002E /* Assets.xcassets */,
				B35A8C8125A40CEF0085002E /* LaunchScreen.storyboard */,
				B35A8C8425A40CEF0085002E /* Info.plist */,
				B35A8C7C25A40CED0085002E /* Guardian.xcdatamodeld */,
			);
			path = Guardian;
			sourceTree = "<group>";
		};
		B35A8C8C25A40CEF0085002E /* GuardianTests */ = {
			isa = PBXGroup;
			children = (
				B35A8C8D25A40CEF0085002E /* GuardianTests.swift */,
				B35A8C8F25A40CEF0085002E /* Info.plist */,
			);
			path = GuardianTests;
			sourceTree = "<group>";
		};
		B35A8C9725A40CEF0085002E /* GuardianUITests */ = {
			isa = PBXGroup;
			children = (
				B35A8C9825A40CEF0085002E /* GuardianUITests.swift */,
				B35A8C9A25A40CEF0085002E /* Info.plist */,
			);
			path = GuardianUITests;
			sourceTree = "<group>";
		};
/* End PBXGroup section */

/* Begin PBXNativeTarget section */
		B35A8C6F25A40CED0085002E /* Guardian */ = {
			isa = PBXNativeTarget;
			buildConfigurationList = B35A8C9D25A40CEF0085002E /* Build configuration list for PBXNativeTarget "Guardian" */;
			buildPhases = (
				B35A8C6C25A40CED0085002E /* Sources */,
				B35A8C6D25A40CED0085002E /* Frameworks */,
				B35A8C6E25A40CED0085002E /* Resources */,
			);
			buildRules = (
			);
			dependencies = (
			);
			name = Guardian;
			productName = Guardian;
			productReference = B35A8C7025A40CED0085002E /* Guardian.app */;
			productType = "com.apple.product-type.application";
		};
		B35A8C8825A40CEF0085002E /* GuardianTests */ = {
			isa = PBXNativeTarget;
			buildConfigurationList = B35A8CA025A40CEF0085002E /* Build configuration list for PBXNativeTarget "GuardianTests" */;
			buildPhases = (
				B35A8C8525A40CEF0085002E /* Sources */,
				B35A8C8625A40CEF0085002E /* Frameworks */,
				B35A8C8725A40CEF0085002E /* Resources */,
			);
			buildRules = (
			);
			dependencies = (
				B35A8C8B25A40CEF0085002E /* PBXTargetDependency */,
			);
			name = GuardianTests;
			productName = GuardianTests;
			productReference = B35A8C8925A40CEF0085002E /* GuardianTests.xctest */;
			productType = "com.apple.product-type.bundle.unit-test";
		};
		B35A8C9325A40CEF0085002E /* GuardianUITests */ = {
			isa = PBXNativeTarget;
			buildConfigurationList = B35A8CA325A40CEF0085002E /* Build configuration list for PBXNativeTarget "GuardianUITests" */;
			buildPhases = (
				B35A8C9025A40CEF0085002E /* Sources */,
				B35A8C9125A40CEF0085002E /* Frameworks */,
				B35A8C9225A40CEF0085002E /* Resources */,
			);
			buildRules = (
			);
			dependencies = (
				B35A8C9625A40CEF0085002E /* PBXTargetDependency */,
			);
			name = GuardianUITests;
			productName = GuardianUITests;
			productReference = B35A8C9425A40CEF0085002E /* GuardianUITests.xctest */;
			productType = "com.apple.product-type.bundle.ui-testing";
		};
/* End PBXNativeTarget section */

/* Begin PBXProject section */
		B35A8C6825A40CED0085002E /* Project object */ = {
			isa = PBXProject;
			attributes = {
				LastSwiftUpdateCheck = 1200;
				LastUpgradeCheck = 1200;
				TargetAttributes = {
					B35A8C6F25A40CED0085002E = {
						CreatedOnToolsVersion = 12.0.1;
					};
					B35A8C8825A40CEF0085002E = {
						CreatedOnToolsVersion = 12.0.1;
						TestTargetID = B35A8C6F25A40CED0085002E;
					};
					B35A8C9325A40CEF0085002E = {
						CreatedOnToolsVersion = 12.0.1;
						TestTargetID = B35A8C6F25A40CED0085002E;
					};
				};
			};
			buildConfigurationList = B35A8C6B25A40CED0085002E /* Build configuration list for PBXProject "Guardian" */;
			compatibilityVersion = "Xcode 9.3";
			developmentRegion = en;
			hasScannedForEncodings = 0;
			knownRegions = (
				en,
				Base,
			);
			mainGroup = B35A8C6725A40CED0085002E;
			productRefGroup = B35A8C7125A40CED0085002E /* Products */;
			projectDirPath = "";
			projectRoot = "";
			targets = (
				B35A8C6F25A40CED0085002E /* Guardian */,
				B35A8C8825A40CEF0085002E /* GuardianTests */,
				B35A8C9325A40CEF0085002E /* GuardianUITests */,
			);
		};
/* End PBXProject section */

/* Begin PBXResourcesBuildPhase section */
		B35A8C6E25A40CED0085002E /* Resources */ = {
			isa = PBXResourcesBuildPhase;
			buildActionMask = 2147483647;
			files = (
				B35A8C8325A40CEF0085002E /* LaunchScreen.storyboard in Resources */,
				B35A8C8025A40CEF0085002E /* Assets.xcassets in Resources */,
				B35A8C7B25A40CED0085002E /* Main.storyboard in Resources */,
			);
			runOnlyForDeploymentPostprocessing = 0;
		};
		B35A8C8725A40CEF0085002E /* Resources */ = {
			isa = PBXResourcesBuildPhase;
			buildActionMask = 2147483647;
			files = (
			);
			runOnlyForDeploymentPostprocessing = 0;
		};
		B35A8C9225A40CEF0085002E /* Resources */ = {
			isa = PBXResourcesBuildPhase;
			buildActionMask = 2147483647;
			files = (
			);
			runOnlyForDeploymentPostprocessing = 0;
		};
/* End PBXResourcesBuildPhase section */

/* Begin PBXSourcesBuildPhase section */
		B35A8C6C25A40CED0085002E /* Sources */ = {
			isa = PBXSourcesBuildPhase;
			buildActionMask = 2147483647;
			files = (
				B35A8C7E25A40CED0085002E /* Guardian.xcdatamodeld in Sources */,
				B35A8C7825A40CED0085002E /* ViewController.swift in Sources */,
				B35A8C7425A40CED0085002E /* AppDelegate.swift in Sources */,
				B35A8C7625A40CED0085002E /* SceneDelegate.swift in Sources */,
			);
			runOnlyForDeploymentPostprocessing = 0;
		};
		B35A8C8525A40CEF0085002E /* Sources */ = {
			isa = PBXSourcesBuildPhase;
			buildActionMask = 2147483647;
			files = (
				B35A8C8E25A40CEF0085002E /* GuardianTests.swift in Sources */,
			);
			runOnlyForDeploymentPostprocessing = 0;
		};
		B35A8C9025A40CEF0085002E /* Sources */ = {
			isa = PBXSourcesBuildPhase;
			buildActionMask = 2147483647;
			files = (
				B35A8C9925A40CEF0085002E /* GuardianUITests.swift in Sources */,
			);
			runOnlyForDeploymentPostprocessing = 0;
		};
/* End PBXSourcesBuildPhase section */

/* Begin PBXTargetDependency section */
		B35A8C8B25A40CEF0085002E /* PBXTargetDependency */ = {
			isa = PBXTargetDependency;
			target = B35A8C6F25A40CED0085002E /* Guardian */;
			targetProxy = B35A8C8A25A40CEF0085002E /* PBXContainerItemProxy */;
		};
		B35A8C9625A40CEF0085002E /* PBXTargetDependency */ = {
			isa = PBXTargetDependency;
			target = B35A8C6F25A40CED0085002E /* Guardian */;
			targetProxy = B35A8C9525A40CEF0085002E /* PBXContainerItemProxy */;
		};
/* End PBXTargetDependency section */

/* Begin PBXVariantGroup section */
		B35A8C7925A40CED0085002E /* Main.storyboard */ = {
			isa = PBXVariantGroup;
			children = (
				B35A8C7A25A40CED0085002E /* Base */,
			);
			name = Main.storyboard;
			sourceTree = "<group>";
		};
		B35A8C8125A40CEF0085002E /* LaunchScreen.storyboard */ = {
			isa = PBXVariantGroup;
			children = (
				B35A8C8225A40CEF0085002E /* Base */,
			);
			name = LaunchScreen.storyboard;
			sourceTree = "<group>";
		};
/* End PBXVariantGroup section */

/* Begin XCBuildConfiguration section */
		B35A8C9B25A40CEF0085002E /* Debug */ = {
			isa = XCBuildConfiguration;
			buildSettings = {
				ALWAYS_SEARCH_USER_PATHS = NO;
				CLANG_ANALYZER_NONNULL = YES;
				CLANG_ANALYZER_NUMBER_OBJECT_CONVERSION = YES_AGGRESSIVE;
				CLANG_CXX_LANGUAGE_STANDARD = "gnu++14";
				CLANG_CXX_LIBRARY = "libc++";
				CLANG_ENABLE_MODULES = YES;
				CLANG_ENABLE_OBJC_ARC = YES;
				CLANG_ENABLE_OBJC_WEAK = YES;
				CLANG_WARN_BLOCK_CAPTURE_AUTORELEASING = YES;
				CLANG_WARN_BOOL_CONVERSION = YES;
				CLANG_WARN_COMMA = YES;
				CLANG_WARN_CONSTANT_CONVERSION = YES;
				CLANG_WARN_DEPRECATED_OBJC_IMPLEMENTATIONS = YES;
				CLANG_WARN_DIRECT_OBJC_ISA_USAGE = YES_ERROR;
				CLANG_WARN_DOCUMENTATION_COMMENTS = YES;
				CLANG_WARN_EMPTY_BODY = YES;
				CLANG_WARN_ENUM_CONVERSION = YES;
				CLANG_WARN_INFINITE_RECURSION = YES;
				CLANG_WARN_INT_CONVERSION = YES;
				CLANG_WARN_NON_LITERAL_NULL_CONVERSION = YES;
				CLANG_WARN_OBJC_IMPLICIT_RETAIN_SELF = YES;
				CLANG_WARN_OBJC_LITERAL_CONVERSION = YES;
				CLANG_WARN_OBJC_ROOT_CLASS = YES_ERROR;
				CLANG_WARN_QUOTED_INCLUDE_IN_FRAMEWORK_HEADER = YES;
				CLANG_WARN_RANGE_LOOP_ANALYSIS = YES;
				CLANG_WARN_STRICT_PROTOTYPES = YES;
				CLANG_WARN_SUSPICIOUS_MOVE = YES;
				CLANG_WARN_UNGUARDED_AVAILABILITY = YES_AGGRESSIVE;
				CLANG_WARN_UNREACHABLE_CODE = YES;
				CLANG_WARN__DUPLICATE_METHOD_MATCH = YES;
				COPY_PHASE_STRIP = NO;
				DEBUG_INFORMATION_FORMAT = dwarf;
				ENABLE_STRICT_OBJC_MSGSEND = YES;
				ENABLE_TESTABILITY = YES;
				GCC_C_LANGUAGE_STANDARD = gnu11;
				GCC_DYNAMIC_NO_PIC = NO;
				GCC_NO_COMMON_BLOCKS = YES;
				GCC_OPTIMIZATION_LEVEL = 0;
				GCC_PREPROCESSOR_DEFINITIONS = (
					"DEBUG=1",
					"$(inherited)",
				);
				GCC_WARN_64_TO_32_BIT_CONVERSION = YES;
				GCC_WARN_ABOUT_RETURN_TYPE = YES_ERROR;
				GCC_WARN_UNDECLARED_SELECTOR = YES;
				GCC_WARN_UNINITIALIZED_AUTOS = YES_AGGRESSIVE;
				GCC_WARN_UNUSED_FUNCTION = YES;
				GCC_WARN_UNUSED_VARIABLE = YES;
				IPHONEOS_DEPLOYMENT_TARGET = 14.0;
				MTL_ENABLE_DEBUG_INFO = INCLUDE_SOURCE;
				MTL_FAST_MATH = YES;
				ONLY_ACTIVE_ARCH = YES;
				SDKROOT = iphoneos;
				SWIFT_ACTIVE_COMPILATION_CONDITIONS = DEBUG;
				SWIFT_OPTIMIZATION_LEVEL = "-Onone";
			};
			name = Debug;
		};
		B35A8C9C25A40CEF0085002E /* Release */ = {
			isa = XCBuildConfiguration;
			buildSettings = {
				ALWAYS_SEARCH_USER_PATHS = NO;
				CLANG_ANALYZER_NONNULL = YES;
				CLANG_ANALYZER_NUMBER_OBJECT_CONVERSION = YES_AGGRESSIVE;
				CLANG_CXX_LANGUAGE_STANDARD = "gnu++14";
				CLANG_CXX_LIBRARY = "libc++";
				CLANG_ENABLE_MODULES = YES;
				CLANG_ENABLE_OBJC_ARC = YES;
				CLANG_ENABLE_OBJC_WEAK = YES;
				CLANG_WARN_BLOCK_CAPTURE_AUTORELEASING = YES;
				CLANG_WARN_BOOL_CONVERSION = YES;
				CLANG_WARN_COMMA = YES;
				CLANG_WARN_CONSTANT_CONVERSION = YES;
				CLANG_WARN_DEPRECATED_OBJC_IMPLEMENTATIONS = YES;
				CLANG_WARN_DIRECT_OBJC_ISA_USAGE = YES_ERROR;
				CLANG_WARN_DOCUMENTATION_COMMENTS = YES;
				CLANG_WARN_EMPTY_BODY = YES;
				CLANG_WARN_ENUM_CONVERSION = YES;
				CLANG_WARN_INFINITE_RECURSION = YES;
				CLANG_WARN_INT_CONVERSION = YES;
				CLANG_WARN_NON_LITERAL_NULL_CONVERSION = YES;
				CLANG_WARN_OBJC_IMPLICIT_RETAIN_SELF = YES;
				CLANG_WARN_OBJC_LITERAL_CONVERSION = YES;
				CLANG_WARN_OBJC_ROOT_CLASS = YES_ERROR;
				CLANG_WARN_QUOTED_INCLUDE_IN_FRAMEWORK_HEADER = YES;
				CLANG_WARN_RANGE_LOOP_ANALYSIS = YES;
				CLANG_WARN_STRICT_PROTOTYPES = YES;
				CLANG_WARN_SUSPICIOUS_MOVE = YES;
				CLANG_WARN_UNGUARDED_AVAILABILITY = YES_AGGRESSIVE;
				CLANG_WARN_UNREACHABLE_CODE = YES;
				CLANG_WARN__DUPLICATE_METHOD_MATCH = YES;
				COPY_PHASE_STRIP = NO;
				DEBUG_INFORMATION_FORMAT = "dwarf-with-dsym";
				ENABLE_NS_ASSERTIONS = NO;
				ENABLE_STRICT_OBJC_MSGSEND = YES;
				GCC_C_LANGUAGE_STANDARD = gnu11;
				GCC_NO_COMMON_BLOCKS = YES;
				GCC_WARN_64_TO_32_BIT_CONVERSION = YES;
				GCC_WARN_ABOUT_RETURN_TYPE = YES_ERROR;
				GCC_WARN_UNDECLARED_SELECTOR = YES;
				GCC_WARN_UNINITIALIZED_AUTOS = YES_AGGRESSIVE;
				GCC_WARN_UNUSED_FUNCTION = YES;
				GCC_WARN_UNUSED_VARIABLE = YES;
				IPHONEOS_DEPLOYMENT_TARGET = 14.0;
				MTL_ENABLE_DEBUG_INFO = NO;
				MTL_FAST_MATH = YES;
				SDKROOT = iphoneos;
				SWIFT_COMPILATION_MODE = wholemodule;
				SWIFT_OPTIMIZATION_LEVEL = "-O";
				VALIDATE_PRODUCT = YES;
			};
			name = Release;
		};
		B35A8C9E25A40CEF0085002E /* Debug */ = {
			isa = XCBuildConfiguration;
			buildSettings = {
				ASSETCATALOG_COMPILER_APPICON_NAME = AppIcon;
				ASSETCATALOG_COMPILER_GLOBAL_ACCENT_COLOR_NAME = AccentColor;
				CODE_SIGN_STYLE = Automatic;
				DEVELOPMENT_TEAM = VM75B5PWD9;
				INFOPLIST_FILE = Guardian/Info.plist;
				LD_RUNPATH_SEARCH_PATHS = (
					"$(inherited)",
					"@executable_path/Frameworks",
				);
				PRODUCT_BUNDLE_IDENTIFIER = com.zulfaaliyah.Guardian;
				PRODUCT_NAME = "$(TARGET_NAME)";
				SWIFT_VERSION = 5.0;
				TARGETED_DEVICE_FAMILY = "1,2";
			};
			name = Debug;
		};
		B35A8C9F25A40CEF0085002E /* Release */ = {
			isa = XCBuildConfiguration;
			buildSettings = {
				ASSETCATALOG_COMPILER_APPICON_NAME = AppIcon;
				ASSETCATALOG_COMPILER_GLOBAL_ACCENT_COLOR_NAME = AccentColor;
				CODE_SIGN_STYLE = Automatic;
				DEVELOPMENT_TEAM = VM75B5PWD9;
				INFOPLIST_FILE = Guardian/Info.plist;
				LD_RUNPATH_SEARCH_PATHS = (
					"$(inherited)",
					"@executable_path/Frameworks",
				);
				PRODUCT_BUNDLE_IDENTIFIER = com.zulfaaliyah.Guardian;
				PRODUCT_NAME = "$(TARGET_NAME)";
				SWIFT_VERSION = 5.0;
				TARGETED_DEVICE_FAMILY = "1,2";
			};
			name = Release;
		};
		B35A8CA125A40CEF0085002E /* Debug */ = {
			isa = XCBuildConfiguration;
			buildSettings = {
				ALWAYS_EMBED_SWIFT_STANDARD_LIBRARIES = YES;
				BUNDLE_LOADER = "$(TEST_HOST)";
				CODE_SIGN_STYLE = Automatic;
				DEVELOPMENT_TEAM = VM75B5PWD9;
				INFOPLIST_FILE = GuardianTests/Info.plist;
				IPHONEOS_DEPLOYMENT_TARGET = 14.0;
				LD_RUNPATH_SEARCH_PATHS = (
					"$(inherited)",
					"@executable_path/Frameworks",
					"@loader_path/Frameworks",
				);
				PRODUCT_BUNDLE_IDENTIFIER = com.zulfaaliyah.GuardianTests;
				PRODUCT_NAME = "$(TARGET_NAME)";
				SWIFT_VERSION = 5.0;
				TARGETED_DEVICE_FAMILY = "1,2";
				TEST_HOST = "$(BUILT_PRODUCTS_DIR)/Guardian.app/Guardian";
			};
			name = Debug;
		};
		B35A8CA225A40CEF0085002E /* Release */ = {
			isa = XCBuildConfiguration;
			buildSettings = {
				ALWAYS_EMBED_SWIFT_STANDARD_LIBRARIES = YES;
				BUNDLE_LOADER = "$(TEST_HOST)";
				CODE_SIGN_STYLE = Automatic;
				DEVELOPMENT_TEAM = VM75B5PWD9;
				INFOPLIST_FILE = GuardianTests/Info.plist;
				IPHONEOS_DEPLOYMENT_TARGET = 14.0;
				LD_RUNPATH_SEARCH_PATHS = (
					"$(inherited)",
					"@executable_path/Frameworks",
					"@loader_path/Frameworks",
				);
				PRODUCT_BUNDLE_IDENTIFIER = com.zulfaaliyah.GuardianTests;
				PRODUCT_NAME = "$(TARGET_NAME)";
				SWIFT_VERSION = 5.0;
				TARGETED_DEVICE_FAMILY = "1,2";
				TEST_HOST = "$(BUILT_PRODUCTS_DIR)/Guardian.app/Guardian";
			};
			name = Release;
		};
		B35A8CA425A40CEF0085002E /* Debug */ = {
			isa = XCBuildConfiguration;
			buildSettings = {
				ALWAYS_EMBED_SWIFT_STANDARD_LIBRARIES = YES;
				CODE_SIGN_STYLE = Automatic;
				DEVELOPMENT_TEAM = VM75B5PWD9;
				INFOPLIST_FILE = GuardianUITests/Info.plist;
				LD_RUNPATH_SEARCH_PATHS = (
					"$(inherited)",
					"@executable_path/Frameworks",
					"@loader_path/Frameworks",
				);
				PRODUCT_BUNDLE_IDENTIFIER = com.zulfaaliyah.GuardianUITests;
				PRODUCT_NAME = "$(TARGET_NAME)";
				SWIFT_VERSION = 5.0;
				TARGETED_DEVICE_FAMILY = "1,2";
				TEST_TARGET_NAME = Guardian;
			};
			name = Debug;
		};
		B35A8CA525A40CEF0085002E /* Release */ = {
			isa = XCBuildConfiguration;
			buildSettings = {
				ALWAYS_EMBED_SWIFT_STANDARD_LIBRARIES = YES;
				CODE_SIGN_STYLE = Automatic;
				DEVELOPMENT_TEAM = VM75B5PWD9;
				INFOPLIST_FILE = GuardianUITests/Info.plist;
				LD_RUNPATH_SEARCH_PATHS = (
					"$(inherited)",
					"@executable_path/Frameworks",
					"@loader_path/Frameworks",
				);
				PRODUCT_BUNDLE_IDENTIFIER = com.zulfaaliyah.GuardianUITests;
				PRODUCT_NAME = "$(TARGET_NAME)";
				SWIFT_VERSION = 5.0;
				TARGETED_DEVICE_FAMILY = "1,2";
				TEST_TARGET_NAME = Guardian;
			};
			name = Release;
		};
/* End XCBuildConfiguration section */

/* Begin XCConfigurationList section */
		B35A8C6B25A40CED0085002E /* Build configuration list for PBXProject "Guardian" */ = {
			isa = XCConfigurationList;
			buildConfigurations = (
				B35A8C9B25A40CEF0085002E /* Debug */,
				B35A8C9C25A40CEF0085002E /* Release */,
			);
			defaultConfigurationIsVisible = 0;
			defaultConfigurationName = Release;
		};
		B35A8C9D25A40CEF0085002E /* Build configuration list for PBXNativeTarget "Guardian" */ = {
			isa = XCConfigurationList;
			buildConfigurations = (
				B35A8C9E25A40CEF0085002E /* Debug */,
				B35A8C9F25A40CEF0085002E /* Release */,
			);
			defaultConfigurationIsVisible = 0;
			defaultConfigurationName = Release;
		};
		B35A8CA025A40CEF0085002E /* Build configuration list for PBXNativeTarget "GuardianTests" */ = {
			isa = XCConfigurationList;
			buildConfigurations = (
				B35A8CA125A40CEF0085002E /* Debug */,
				B35A8CA225A40CEF0085002E /* Release */,
			);
			defaultConfigurationIsVisible = 0;
			defaultConfigurationName = Release;
		};
		B35A8CA325A40CEF0085002E /* Build configuration list for PBXNativeTarget "GuardianUITests" */ = {
			isa = XCConfigurationList;
			buildConfigurations = (
				B35A8CA425A40CEF0085002E /* Debug */,
				B35A8CA525A40CEF0085002E /* Release */,
			);
			defaultConfigurationIsVisible = 0;
			defaultConfigurationName = Release;
		};
/* End XCConfigurationList section */

/* Begin XCVersionGroup section */
		B35A8C7C25A40CED0085002E /* Guardian.xcdatamodeld */ = {
			isa = XCVersionGroup;
			children = (
				B35A8C7D25A40CED0085002E /* Guardian.xcdatamodel */,
			);
			currentVersion = B35A8C7D25A40CED0085002E /* Guardian.xcdatamodel */;
			path = Guardian.xcdatamodeld;
			sourceTree = "<group>";
			versionGroupType = wrapper.xcdatamodel;
		};
/* End XCVersionGroup section */
	};
	rootObject = B35A8C6825A40CED0085002E /* Project object */;
}
